
Microsoft Visual Studio Solution File, Format Version 12.00
# Visual Studio 15
VisualStudioVersion = 15.0.28307.960
MinimumVisualStudioVersion = 10.0.40219.1
Project("{FAE04EC0-301F-11D3-BF4B-00C04F79EFBC}") = "MedCenterProject", "MedCenterProject\MedCenterProject.csproj", "{07D3305A-937C-4EDA-942E-166CFEC044C5}"
EndProject
Project("{FAE04EC0-301F-11D3-BF4B-00C04F79EFBC}") = "DataProject", "DataProject\DataProject.csproj", "{F1F38EEA-8EFE-4662-8630-A3FE98591352}"
EndProject
Global
	GlobalSection(SolutionConfigurationPlatforms) = preSolution
		Debug|Any CPU = Debug|Any CPU
		Release|Any CPU = Release|Any CPU
	EndGlobalSection
	GlobalSection(ProjectConfigurationPlatforms) = postSolution
		{07D3305A-937C-4EDA-942E-166CFEC044C5}.Debug|Any CPU.ActiveCfg = Debug|Any CPU
		{07D3305A-937C-4EDA-942E-166CFEC044C5}.Debug|Any CPU.Build.0 = Debug|Any CPU
		{07D3305A-937C-4EDA-942E-166CFEC044C5}.Release|Any CPU.ActiveCfg = Release|Any CPU
		{07D3305A-937C-4EDA-942E-166CFEC044C5}.Release|Any CPU.Build.0 = Release|Any CPU
		{F1F38EEA-8EFE-4662-8630-A3FE98591352}.Debug|Any CPU.ActiveCfg = Debug|Any CPU
		{F1F38EEA-8EFE-4662-8630-A3FE98591352}.Debug|Any CPU.Build.0 = Debug|Any CPU
		{F1F38EEA-8EFE-4662-8630-A3FE98591352}.Release|Any CPU.ActiveCfg = Release|Any CPU
		{F1F38EEA-8EFE-4662-8630-A3FE98591352}.Release|Any CPU.Build.0 = Release|Any CPU
	EndGlobalSection
	GlobalSection(SolutionProperties) = preSolution
		HideSolutionNode = FALSE
	EndGlobalSection
	GlobalSection(ExtensibilityGlobals) = postSolution
		SolutionGuid = {6BD4F76C-7BCD-4F4D-973E-2C4BC5A64DA2}
	EndGlobalSection
EndGlobal
